# THIS IS AN AUTOGENERATED FILE. DO NOT EDIT THIS FILE DIRECTLY.
# yarn lockfile v1


"JSV@>= 4.0.x":
  version "4.0.2"
  resolved "https://registry.yarnpkg.com/JSV/-/JSV-4.0.2.tgz#d077f6825571f82132f9dffaed587b4029feff57"

ansi-regex@^2.1.1:
  version "2.1.1"
  resolved "https://registry.yarnpkg.com/ansi-regex/-/ansi-regex-2.1.1.tgz#c3b33ab5ee360d86e0e628f0468ae7ef27d654df"

ansi-styles@~1.0.0:
  version "1.0.0"
  resolved "https://registry.yarnpkg.com/ansi-styles/-/ansi-styles-1.0.0.tgz#cb102df1c56f5123eab8b67cd7b98027a0279178"

any-promise@^1.0.0:
  version "1.3.0"
  resolved "https://registry.yarnpkg.com/any-promise/-/any-promise-1.3.0.tgz#abc6afeedcea52e809cdc0376aed3ce39635d17f"

argparse@^1.0.7:
  version "1.0.9"
  resolved "https://registry.yarnpkg.com/argparse/-/argparse-1.0.9.tgz#73d83bc263f86e97f8cc4f6bae1b0e90a7d22c86"
  dependencies:
    sprintf-js "~1.0.2"

bindings@~1.2.1:
  version "1.2.1"
  resolved "https://registry.yarnpkg.com/bindings/-/bindings-1.2.1.tgz#14ad6113812d2d37d72e67b4cacb4bb726505f11"

call-me-maybe@^1.0.1:
  version "1.0.1"
  resolved "https://registry.yarnpkg.com/call-me-maybe/-/call-me-maybe-1.0.1.tgz#26d208ea89e37b5cbde60250a15f031c16a4d66b"

chalk@~0.4.0:
  version "0.4.0"
  resolved "https://registry.yarnpkg.com/chalk/-/chalk-0.4.0.tgz#5199a3ddcd0c1efe23bc08c1b027b06176e0c64f"
  dependencies:
    ansi-styles "~1.0.0"
    has-color "~0.1.0"
    strip-ansi "~0.1.0"

cli-color@^1.2.0:
  version "1.2.0"
  resolved "https://registry.yarnpkg.com/cli-color/-/cli-color-1.2.0.tgz#3a5ae74fd76b6267af666e69e2afbbd01def34d1"
  dependencies:
    ansi-regex "^2.1.1"
    d "1"
    es5-ext "^0.10.12"
    es6-iterator "2"
    memoizee "^0.4.3"
    timers-ext "0.1"

commander@^2.9.0:
  version "2.11.0"
  resolved "https://registry.yarnpkg.com/commander/-/commander-2.11.0.tgz#157152fd1e7a6c8d98a5b715cf376df928004563"

d@1:
  version "1.0.0"
  resolved "https://registry.yarnpkg.com/d/-/d-1.0.0.tgz#754bb5bfe55451da69a58b94d45f4c5b0462d58f"
  dependencies:
    es5-ext "^0.10.9"

deasync@^0.1.9:
  version "0.1.11"
  resolved "https://registry.yarnpkg.com/deasync/-/deasync-0.1.11.tgz#3d1f228a2fecf4a1b359da2e636889942f8bf14c"
  dependencies:
    bindings "~1.2.1"
    nan "^2.0.7"

debug@^3.1.0:
  version "3.1.0"
  resolved "https://registry.yarnpkg.com/debug/-/debug-3.1.0.tgz#5bb5a0672628b64149566ba16819e61518c67261"
  dependencies:
    ms "2.0.0"

deepmerge@^2.0.1:
  version "2.0.1"
  resolved "https://registry.yarnpkg.com/deepmerge/-/deepmerge-2.0.1.tgz#25c1c24f110fb914f80001b925264dd77f3f4312"

es5-ext@^0.10.12, es5-ext@^0.10.14, es5-ext@^0.10.30, es5-ext@^0.10.35, es5-ext@^0.10.9, es5-ext@~0.10.14, es5-ext@~0.10.2:
  version "0.10.35"
  resolved "https://registry.yarnpkg.com/es5-ext/-/es5-ext-0.10.35.tgz#18ee858ce6a3c45c7d79e91c15fcca9ec568494f"
  dependencies:
    es6-iterator "~2.0.1"
    es6-symbol "~3.1.1"

es6-iterator@2, es6-iterator@^2.0.1, es6-iterator@~2.0.1:
  version "2.0.3"
  resolved "https://registry.yarnpkg.com/es6-iterator/-/es6-iterator-2.0.3.tgz#a7de889141a05a94b0854403b2d0a0fbfa98f3b7"
  dependencies:
    d "1"
    es5-ext "^0.10.35"
    es6-symbol "^3.1.1"

es6-symbol@^3.1.1, es6-symbol@~3.1.1:
  version "3.1.1"
  resolved "https://registry.yarnpkg.com/es6-symbol/-/es6-symbol-3.1.1.tgz#bf00ef4fdab6ba1b46ecb7b629b4c7ed5715cc77"
  dependencies:
    d "1"
    es5-ext "~0.10.14"

es6-weak-map@^2.0.2:
  version "2.0.2"
  resolved "https://registry.yarnpkg.com/es6-weak-map/-/es6-weak-map-2.0.2.tgz#5e3ab32251ffd1538a1f8e5ffa1357772f92d96f"
  dependencies:
    d "1"
    es5-ext "^0.10.14"
    es6-iterator "^2.0.1"
    es6-symbol "^3.1.1"

esprima@^4.0.0:
  version "4.0.0"
  resolved "https://registry.yarnpkg.com/esprima/-/esprima-4.0.0.tgz#4499eddcd1110e0b218bacf2fa7f7f59f55ca804"

event-emitter@^0.3.5:
  version "0.3.5"
  resolved "https://registry.yarnpkg.com/event-emitter/-/event-emitter-0.3.5.tgz#df8c69eef1647923c7157b9ce83840610b02cc39"
  dependencies:
    d "1"
    es5-ext "~0.10.14"

format-util@^1.0.3:
  version "1.0.3"
  resolved "https://registry.yarnpkg.com/format-util/-/format-util-1.0.3.tgz#032dca4a116262a12c43f4c3ec8566416c5b2d95"

fs-extra@^4.0.2:
  version "4.0.2"
  resolved "https://registry.yarnpkg.com/fs-extra/-/fs-extra-4.0.2.tgz#f91704c53d1b461f893452b0c307d9997647ab6b"
  dependencies:
    graceful-fs "^4.1.2"
    jsonfile "^4.0.0"
    universalify "^0.1.0"

graceful-fs@^4.1.2, graceful-fs@^4.1.6:
  version "4.1.11"
  resolved "https://registry.yarnpkg.com/graceful-fs/-/graceful-fs-4.1.11.tgz#0e8bdfe4d1ddb8854d64e04ea7c00e2a026e5658"

has-color@~0.1.0:
  version "0.1.7"
  resolved "https://registry.yarnpkg.com/has-color/-/has-color-0.1.7.tgz#67144a5260c34fc3cca677d041daf52fe7b78b2f"

is-promise@^2.1:
  version "2.1.0"
  resolved "https://registry.yarnpkg.com/is-promise/-/is-promise-2.1.0.tgz#79a2a9ece7f096e80f36d2b2f3bc16c1ff4bf3fa"

js-yaml@^3.10.0:
  version "3.10.0"
  resolved "https://registry.yarnpkg.com/js-yaml/-/js-yaml-3.10.0.tgz#2e78441646bd4682e963f22b6e92823c309c62dc"
  dependencies:
    argparse "^1.0.7"
    esprima "^4.0.0"

json-schema-ref-parser@^4.0.4:
  version "4.0.4"
  resolved "https://registry.yarnpkg.com/json-schema-ref-parser/-/json-schema-ref-parser-4.0.4.tgz#3346b81eb0a5657e6f46c11322c5994c6f1b0b26"
  dependencies:
    call-me-maybe "^1.0.1"
    debug "^3.1.0"
    js-yaml "^3.10.0"
    ono "^4.0.2"

json-schema-to-typescript@^5.1.0:
  version "5.1.0"
  resolved "https://registry.yarnpkg.com/json-schema-to-typescript/-/json-schema-to-typescript-5.1.0.tgz#ba5346784f65e5b373cb127a42620e5c43b4aca4"
  dependencies:
    cli-color "^1.2.0"
    json-schema-ref-parser "^4.0.4"
    json-stringify-safe "^5.0.1"
    lodash "^4.17.4"
    minimist "^1.2.0"
    mz "^2.7.0"
    prettier "^1.8.2"
    stdin "0.0.1"

json-stringify-safe@^5.0.1:
  version "5.0.1"
  resolved "https://registry.yarnpkg.com/json-stringify-safe/-/json-stringify-safe-5.0.1.tgz#1296a2d58fd45f19a0f6ce01d65701e2c735b6eb"

jsonfile@^4.0.0:
  version "4.0.0"
  resolved "https://registry.yarnpkg.com/jsonfile/-/jsonfile-4.0.0.tgz#8771aae0799b64076b76640fca058f9c10e33ecb"
  optionalDependencies:
    graceful-fs "^4.1.6"

jsonlint@^1.6.2:
  version "1.6.2"
  resolved "https://registry.yarnpkg.com/jsonlint/-/jsonlint-1.6.2.tgz#5737045085f55eb455c68b1ff4ebc01bd50e8830"
  dependencies:
    JSV ">= 4.0.x"
    nomnom ">= 1.5.x"

jsonschema@^1.1.1:
  version "1.2.0"
  resolved "https://registry.yarnpkg.com/jsonschema/-/jsonschema-1.2.0.tgz#d6ebaf70798db7b3a20c544f6c9ef9319b077de2"

lodash@^4.17.4:
  version "4.17.4"
  resolved "https://registry.yarnpkg.com/lodash/-/lodash-4.17.4.tgz#78203a4d1c328ae1d86dca6460e369b57f4055ae"

lru-queue@0.1:
  version "0.1.0"
  resolved "https://registry.yarnpkg.com/lru-queue/-/lru-queue-0.1.0.tgz#2738bd9f0d3cf4f84490c5736c48699ac632cda3"
  dependencies:
    es5-ext "~0.10.2"

markdown-table@^1.1.0:
  version "1.1.1"
  resolved "https://registry.yarnpkg.com/markdown-table/-/markdown-table-1.1.1.tgz#4b3dd3a133d1518b8ef0dbc709bf2a1b4824bc8c"

memoizee@^0.4.3:
  version "0.4.11"
  resolved "https://registry.yarnpkg.com/memoizee/-/memoizee-0.4.11.tgz#bde9817663c9e40fdb2a4ea1c367296087ae8c8f"
  dependencies:
    d "1"
    es5-ext "^0.10.30"
    es6-weak-map "^2.0.2"
    event-emitter "^0.3.5"
    is-promise "^2.1"
    lru-queue "0.1"
    next-tick "1"
    timers-ext "^0.1.2"

minimist@^1.2.0:
  version "1.2.0"
  resolved "https://registry.yarnpkg.com/minimist/-/minimist-1.2.0.tgz#a35008b20f41383eec1fb914f4cd5df79a264284"

ms@2.0.0:
  version "2.0.0"
  resolved "https://registry.yarnpkg.com/ms/-/ms-2.0.0.tgz#5608aeadfc00be6c2901df5f9861788de0d597c8"

mz@^2.7.0:
  version "2.7.0"
  resolved "https://registry.yarnpkg.com/mz/-/mz-2.7.0.tgz#95008057a56cafadc2bc63dde7f9ff6955948e32"
  dependencies:
    any-promise "^1.0.0"
    object-assign "^4.0.1"
    thenify-all "^1.0.0"

nan@^2.0.7:
  version "2.8.0"
  resolved "https://registry.yarnpkg.com/nan/-/nan-2.8.0.tgz#ed715f3fe9de02b57a5e6252d90a96675e1f085a"

next-tick@1:
  version "1.0.0"
  resolved "https://registry.yarnpkg.com/next-tick/-/next-tick-1.0.0.tgz#ca86d1fe8828169b0120208e3dc8424b9db8342c"

"nomnom@>= 1.5.x":
  version "1.8.1"
  resolved "https://registry.yarnpkg.com/nomnom/-/nomnom-1.8.1.tgz#2151f722472ba79e50a76fc125bb8c8f2e4dc2a7"
  dependencies:
    chalk "~0.4.0"
    underscore "~1.6.0"

object-assign@^4.0.1:
  version "4.1.1"
  resolved "https://registry.yarnpkg.com/object-assign/-/object-assign-4.1.1.tgz#2109adc7965887cfc05cbbd442cac8bfbb360863"

ono@^4.0.2:
  version "4.0.2"
  resolved "https://registry.yarnpkg.com/ono/-/ono-4.0.2.tgz#2e18ff7c21b9eac0cab794f7a3082507000d6d36"
  dependencies:
    format-util "^1.0.3"

prettier@^1.8.2:
  version "1.8.2"
  resolved "https://registry.yarnpkg.com/prettier/-/prettier-1.8.2.tgz#bff83e7fd573933c607875e5ba3abbdffb96aeb8"

sprintf-js@~1.0.2:
  version "1.0.3"
  resolved "https://registry.yarnpkg.com/sprintf-js/-/sprintf-js-1.0.3.tgz#04e6926f662895354f3dd015203633b857297e2c"

stdin@0.0.1:
  version "0.0.1"
  resolved "https://registry.yarnpkg.com/stdin/-/stdin-0.0.1.tgz#d3041981aaec3dfdbc77a1b38d6372e38f5fb71e"

strip-ansi@~0.1.0:
  version "0.1.1"
  resolved "https://registry.yarnpkg.com/strip-ansi/-/strip-ansi-0.1.1.tgz#39e8a98d044d150660abe4a6808acf70bb7bc991"

thenify-all@^1.0.0:
  version "1.6.0"
  resolved "https://registry.yarnpkg.com/thenify-all/-/thenify-all-1.6.0.tgz#1a1918d402d8fc3f98fbf234db0bcc8cc10e9726"
  dependencies:
    thenify ">= 3.1.0 < 4"

"thenify@>= 3.1.0 < 4":
  version "3.3.0"
  resolved "https://registry.yarnpkg.com/thenify/-/thenify-3.3.0.tgz#e69e38a1babe969b0108207978b9f62b88604839"
  dependencies:
    any-promise "^1.0.0"

timers-ext@0.1, timers-ext@^0.1.2:
  version "0.1.2"
  resolved "https://registry.yarnpkg.com/timers-ext/-/timers-ext-0.1.2.tgz#61cc47a76c1abd3195f14527f978d58ae94c5204"
  dependencies:
    es5-ext "~0.10.14"
    next-tick "1"

underscore@~1.6.0:
  version "1.6.0"
  resolved "https://registry.yarnpkg.com/underscore/-/underscore-1.6.0.tgz#8b38b10cacdef63337b8b24e4ff86d45aea529a8"

universalify@^0.1.0:
  version "0.1.1"
  resolved "https://registry.yarnpkg.com/universalify/-/universalify-0.1.1.tgz#fa71badd4437af4c148841e3b3b165f9e9e590b7"
